
Microsoft Visual Studio Solution File, Format Version 12.00
# Visual Studio Version 16
VisualStudioVersion = 16.0.33423.256
MinimumVisualStudioVersion = 10.0.40219.1
Project("{FAE04EC0-301F-11D3-BF4B-00C04F79EFBC}") = "MvcProjeKampi", "MvcProjeKampi\MvcProjeKampi.csproj", "{99128CDA-3258-444B-B253-DBD55DD5E5B2}"
EndProject
Project("{FAE04EC0-301F-11D3-BF4B-00C04F79EFBC}") = "EntityLayer", "EntityLayer\EntityLayer.csproj", "{0DBD73B5-24AE-4860-8196-502DBAD0BFF6}"
EndProject
Project("{FAE04EC0-301F-11D3-BF4B-00C04F79EFBC}") = "BusinessLayer", "BusinessLayer\BusinessLayer.csproj", "{ADD6563E-7389-4F09-A968-D094BA3C8A61}"
EndProject
Project("{FAE04EC0-301F-11D3-BF4B-00C04F79EFBC}") = "DataAccessLayer", "DataAccessLayer\DataAccessLayer.csproj", "{AF5FA485-C7C5-4623-92F4-179814D2E47F}"
EndProject
Global
	GlobalSection(SolutionConfigurationPlatforms) = preSolution
		Debug|Any CPU = Debug|Any CPU
		Release|Any CPU = Release|Any CPU
	EndGlobalSection
	GlobalSection(ProjectConfigurationPlatforms) = postSolution
		{99128CDA-3258-444B-B253-DBD55DD5E5B2}.Debug|Any CPU.ActiveCfg = Debug|Any CPU
		{99128CDA-3258-444B-B253-DBD55DD5E5B2}.Debug|Any CPU.Build.0 = Debug|Any CPU
		{99128CDA-3258-444B-B253-DBD55DD5E5B2}.Release|Any CPU.ActiveCfg = Release|Any CPU
		{99128CDA-3258-444B-B253-DBD55DD5E5B2}.Release|Any CPU.Build.0 = Release|Any CPU
		{0DBD73B5-24AE-4860-8196-502DBAD0BFF6}.Debug|Any CPU.ActiveCfg = Debug|Any CPU
		{0DBD73B5-24AE-4860-8196-502DBAD0BFF6}.Debug|Any CPU.Build.0 = Debug|Any CPU
		{0DBD73B5-24AE-4860-8196-502DBAD0BFF6}.Release|Any CPU.ActiveCfg = Release|Any CPU
		{0DBD73B5-24AE-4860-8196-502DBAD0BFF6}.Release|Any CPU.Build.0 = Release|Any CPU
		{ADD6563E-7389-4F09-A968-D094BA3C8A61}.Debug|Any CPU.ActiveCfg = Debug|Any CPU
		{ADD6563E-7389-4F09-A968-D094BA3C8A61}.Debug|Any CPU.Build.0 = Debug|Any CPU
		{ADD6563E-7389-4F09-A968-D094BA3C8A61}.Release|Any CPU.ActiveCfg = Release|Any CPU
		{ADD6563E-7389-4F09-A968-D094BA3C8A61}.Release|Any CPU.Build.0 = Release|Any CPU
		{AF5FA485-C7C5-4623-92F4-179814D2E47F}.Debug|Any CPU.ActiveCfg = Debug|Any CPU
		{AF5FA485-C7C5-4623-92F4-179814D2E47F}.Debug|Any CPU.Build.0 = Debug|Any CPU
		{AF5FA485-C7C5-4623-92F4-179814D2E47F}.Release|Any CPU.ActiveCfg = Release|Any CPU
		{AF5FA485-C7C5-4623-92F4-179814D2E47F}.Release|Any CPU.Build.0 = Release|Any CPU
	EndGlobalSection
	GlobalSection(SolutionProperties) = preSolution
		HideSolutionNode = FALSE
	EndGlobalSection
	GlobalSection(ExtensibilityGlobals) = postSolution
		SolutionGuid = {0FE14EF4-4486-4E0B-870A-5B4210105C53}
	EndGlobalSection
EndGlobal
